// !$*UTF8*$!
{
	archiveVersion = 1;
	classes = {
	};
	objectVersion = 46;
	objects = {

/* Begin PBXBuildFile section */
		1D60589B0D05DD56006BFB54 /* main.m in Sources */ = {isa = PBXBuildFile; fileRef = 29B97316FDCFA39411CA2CEA /* main.m */; };
		1D60589F0D05DD5A006BFB54 /* Foundation.framework in Frameworks */ = {isa = PBXBuildFile; fileRef = 1D30AB110D05D00D00671497 /* Foundation.framework */; };
		1DF5F4E00D08C38300B7A737 /* UIKit.framework in Frameworks */ = {isa = PBXBuildFile; fileRef = 1DF5F4DF0D08C38300B7A737 /* UIKit.framework */; };
		2860E328111B887F00E27156 /* AppDelegate_iPhone.m in Sources */ = {isa = PBXBuildFile; fileRef = 2860E326111B887F00E27156 /* AppDelegate_iPhone.m */; };
		2860E329111B887F00E27156 /* MainWindow_iPhone.xib in Resources */ = {isa = PBXBuildFile; fileRef = 2860E327111B887F00E27156 /* MainWindow_iPhone.xib */; };
		2860E32E111B888700E27156 /* AppDelegate_iPad.m in Sources */ = {isa = PBXBuildFile; fileRef = 2860E32C111B888700E27156 /* AppDelegate_iPad.m */; };
		2860E32F111B888700E27156 /* MainWindow_iPad.xib in Resources */ = {isa = PBXBuildFile; fileRef = 2860E32D111B888700E27156 /* MainWindow_iPad.xib */; };
		288765FD0DF74451002DB57D /* CoreGraphics.framework in Frameworks */ = {isa = PBXBuildFile; fileRef = 288765FC0DF74451002DB57D /* CoreGraphics.framework */; };
		839195F71377FE2700FC65F9 /* appicon57.png in Resources */ = {isa = PBXBuildFile; fileRef = 839195F51377FE2700FC65F9 /* appicon57.png */; };
		839195F81377FE2700FC65F9 /* appicon114.png in Resources */ = {isa = PBXBuildFile; fileRef = 839195F61377FE2700FC65F9 /* appicon114.png */; };
		83FEEE46128E496A007C310F /* CMPopTipView.m in Sources */ = {isa = PBXBuildFile; fileRef = 83FEEE45128E496A007C310F /* CMPopTipView.m */; };
		83FEEE61128E4F98007C310F /* Demo1ViewController.m in Sources */ = {isa = PBXBuildFile; fileRef = 83FEEE5F128E4F98007C310F /* Demo1ViewController.m */; };
		83FEEE62128E4F98007C310F /* Demo1ViewController.xib in Resources */ = {isa = PBXBuildFile; fileRef = 83FEEE60128E4F98007C310F /* Demo1ViewController.xib */; };
/* End PBXBuildFile section */

/* Begin PBXFileReference section */
		1D30AB110D05D00D00671497 /* Foundation.framework */ = {isa = PBXFileReference; lastKnownFileType = wrapper.framework; name = Foundation.framework; path = System/Library/Frameworks/Foundation.framework; sourceTree = SDKROOT; };
		1D6058910D05DD3D006BFB54 /* CMPopTipViewDemo.app */ = {isa = PBXFileReference; explicitFileType = wrapper.application; includeInIndex = 0; path = CMPopTipViewDemo.app; sourceTree = BUILT_PRODUCTS_DIR; };
		1DF5F4DF0D08C38300B7A737 /* UIKit.framework */ = {isa = PBXFileReference; lastKnownFileType = wrapper.framework; name = UIKit.framework; path = System/Library/Frameworks/UIKit.framework; sourceTree = SDKROOT; };
		2860E325111B887F00E27156 /* AppDelegate_iPhone.h */ = {isa = PBXFileReference; fileEncoding = 4; lastKnownFileType = sourcecode.c.h; path = AppDelegate_iPhone.h; sourceTree = "<group>"; };
		2860E326111B887F00E27156 /* AppDelegate_iPhone.m */ = {isa = PBXFileReference; fileEncoding = 4; lastKnownFileType = sourcecode.c.objc; path = AppDelegate_iPhone.m; sourceTree = "<group>"; };
		2860E327111B887F00E27156 /* MainWindow_iPhone.xib */ = {isa = PBXFileReference; lastKnownFileType = file.xib; path = MainWindow_iPhone.xib; sourceTree = "<group>"; };
		2860E32B111B888700E27156 /* AppDelegate_iPad.h */ = {isa = PBXFileReference; fileEncoding = 4; lastKnownFileType = sourcecode.c.h; path = AppDelegate_iPad.h; sourceTree = "<group>"; };
		2860E32C111B888700E27156 /* AppDelegate_iPad.m */ = {isa = PBXFileReference; fileEncoding = 4; lastKnownFileType = sourcecode.c.objc; path = AppDelegate_iPad.m; sourceTree = "<group>"; };
		2860E32D111B888700E27156 /* MainWindow_iPad.xib */ = {isa = PBXFileReference; lastKnownFileType = file.xib; path = MainWindow_iPad.xib; sourceTree = "<group>"; };
		288765FC0DF74451002DB57D /* CoreGraphics.framework */ = {isa = PBXFileReference; lastKnownFileType = wrapper.framework; name = CoreGraphics.framework; path = System/Library/Frameworks/CoreGraphics.framework; sourceTree = SDKROOT; };
		29B97316FDCFA39411CA2CEA /* main.m */ = {isa = PBXFileReference; fileEncoding = 4; lastKnownFileType = sourcecode.c.objc; name = main.m; path = Shared/main.m; sourceTree = "<group>"; };
		32CA4F630368D1EE00C91783 /* CMPopTipViewDemo_Prefix.pch */ = {isa = PBXFileReference; fileEncoding = 4; lastKnownFileType = sourcecode.c.h; path = CMPopTipViewDemo_Prefix.pch; sourceTree = "<group>"; };
		839195F51377FE2700FC65F9 /* appicon57.png */ = {isa = PBXFileReference; lastKnownFileType = image.png; name = appicon57.png; path = Resources/appicon57.png; sourceTree = "<group>"; };
		839195F61377FE2700FC65F9 /* appicon114.png */ = {isa = PBXFileReference; lastKnownFileType = image.png; name = appicon114.png; path = Resources/appicon114.png; sourceTree = "<group>"; };
		83FEEE44128E496A007C310F /* CMPopTipView.h */ = {isa = PBXFileReference; fileEncoding = 4; lastKnownFileType = sourcecode.c.h; path = CMPopTipView.h; sourceTree = "<group>"; };
		83FEEE45128E496A007C310F /* CMPopTipView.m */ = {isa = PBXFileReference; fileEncoding = 4; lastKnownFileType = sourcecode.c.objc; path = CMPopTipView.m; sourceTree = "<group>"; };
		83FEEE5E128E4F98007C310F /* Demo1ViewController.h */ = {isa = PBXFileReference; fileEncoding = 4; lastKnownFileType = sourcecode.c.h; name = Demo1ViewController.h; path = Shared/Demo1ViewController.h; sourceTree = "<group>"; };
		83FEEE5F128E4F98007C310F /* Demo1ViewController.m */ = {isa = PBXFileReference; fileEncoding = 4; lastKnownFileType = sourcecode.c.objc; name = Demo1ViewController.m; path = Shared/Demo1ViewController.m; sourceTree = "<group>"; };
		83FEEE60128E4F98007C310F /* Demo1ViewController.xib */ = {isa = PBXFileReference; lastKnownFileType = file.xib; name = Demo1ViewController.xib; path = Shared/Demo1ViewController.xib; sourceTree = "<group>"; };
		8D1107310486CEB800E47090 /* CMPopTipViewDemo-Info.plist */ = {isa = PBXFileReference; fileEncoding = 4; lastKnownFileType = text.plist.xml; path = "CMPopTipViewDemo-Info.plist"; plistStructureDefinitionIdentifier = "com.apple.xcode.plist.structure-definition.iphone.info-plist"; sourceTree = "<group>"; };
/* End PBXFileReference section */

/* Begin PBXFrameworksBuildPhase section */
		1D60588F0D05DD3D006BFB54 /* Frameworks */ = {
			isa = PBXFrameworksBuildPhase;
			buildActionMask = 2147483647;
			files = (
				1D60589F0D05DD5A006BFB54 /* Foundation.framework in Frameworks */,
				1DF5F4E00D08C38300B7A737 /* UIKit.framework in Frameworks */,
				288765FD0DF74451002DB57D /* CoreGraphics.framework in Frameworks */,
			);
			runOnlyForDeploymentPostprocessing = 0;
		};
/* End PBXFrameworksBuildPhase section */

/* Begin PBXGroup section */
		19C28FACFE9D520D11CA2CBB /* Products */ = {
			isa = PBXGroup;
			children = (
				1D6058910D05DD3D006BFB54 /* CMPopTipViewDemo.app */,
			);
			name = Products;
			sourceTree = "<group>";
		};
		2860E324111B887F00E27156 /* iPhone */ = {
			isa = PBXGroup;
			children = (
				2860E325111B887F00E27156 /* AppDelegate_iPhone.h */,
				2860E326111B887F00E27156 /* AppDelegate_iPhone.m */,
				2860E327111B887F00E27156 /* MainWindow_iPhone.xib */,
			);
			path = iPhone;
			sourceTree = "<group>";
		};
		2860E32A111B888700E27156 /* iPad */ = {
			isa = PBXGroup;
			children = (
				2860E32B111B888700E27156 /* AppDelegate_iPad.h */,
				2860E32C111B888700E27156 /* AppDelegate_iPad.m */,
				2860E32D111B888700E27156 /* MainWindow_iPad.xib */,
			);
			path = iPad;
			sourceTree = "<group>";
		};
		28EEBF621118D79A00187D67 /* Shared */ = {
			isa = PBXGroup;
			children = (
				83FEEE5E128E4F98007C310F /* Demo1ViewController.h */,
				83FEEE5F128E4F98007C310F /* Demo1ViewController.m */,
				83FEEE60128E4F98007C310F /* Demo1ViewController.xib */,
				8D1107310486CEB800E47090 /* CMPopTipViewDemo-Info.plist */,
			);
			name = Shared;
			sourceTree = "<group>";
		};
		29B97314FDCFA39411CA2CEA /* CustomTemplate */ = {
			isa = PBXGroup;
			children = (
				83FEEE43128E496A007C310F /* CMPopTipView */,
				2860E32A111B888700E27156 /* iPad */,
				2860E324111B887F00E27156 /* iPhone */,
				28EEBF621118D79A00187D67 /* Shared */,
				29B97315FDCFA39411CA2CEA /* Other Sources */,
				839195F41377FE0F00FC65F9 /* Resources */,
				29B97323FDCFA39411CA2CEA /* Frameworks */,
				19C28FACFE9D520D11CA2CBB /* Products */,
			);
			name = CustomTemplate;
			sourceTree = "<group>";
			tabWidth = 4;
		};
		29B97315FDCFA39411CA2CEA /* Other Sources */ = {
			isa = PBXGroup;
			children = (
				32CA4F630368D1EE00C91783 /* CMPopTipViewDemo_Prefix.pch */,
				29B97316FDCFA39411CA2CEA /* main.m */,
			);
			name = "Other Sources";
			sourceTree = "<group>";
		};
		29B97323FDCFA39411CA2CEA /* Frameworks */ = {
			isa = PBXGroup;
			children = (
				1DF5F4DF0D08C38300B7A737 /* UIKit.framework */,
				1D30AB110D05D00D00671497 /* Foundation.framework */,
				288765FC0DF74451002DB57D /* CoreGraphics.framework */,
			);
			name = Frameworks;
			sourceTree = "<group>";
		};
		839195F41377FE0F00FC65F9 /* Resources */ = {
			isa = PBXGroup;
			children = (
				839195F51377FE2700FC65F9 /* appicon57.png */,
				839195F61377FE2700FC65F9 /* appicon114.png */,
			);
			name = Resources;
			sourceTree = "<group>";
		};
		83FEEE43128E496A007C310F /* CMPopTipView */ = {
			isa = PBXGroup;
			children = (
				83FEEE44128E496A007C310F /* CMPopTipView.h */,
				83FEEE45128E496A007C310F /* CMPopTipView.m */,
			);
			name = CMPopTipView;
			path = ../CMPopTipView;
			sourceTree = "<group>";
		};
/* End PBXGroup section */

/* Begin PBXNativeTarget section */
		1D6058900D05DD3D006BFB54 /* CMPopTipViewDemo */ = {
			isa = PBXNativeTarget;
			buildConfigurationList = 1D6058960D05DD3E006BFB54 /* Build configuration list for PBXNativeTarget "CMPopTipViewDemo" */;
			buildPhases = (
				1D60588D0D05DD3D006BFB54 /* Resources */,
				1D60588E0D05DD3D006BFB54 /* Sources */,
				1D60588F0D05DD3D006BFB54 /* Frameworks */,
			);
			buildRules = (
			);
			dependencies = (
			);
			name = CMPopTipViewDemo;
			productName = CMPopTipView;
			productReference = 1D6058910D05DD3D006BFB54 /* CMPopTipViewDemo.app */;
			productType = "com.apple.product-type.application";
		};
/* End PBXNativeTarget section */

/* Begin PBXProject section */
		29B97313FDCFA39411CA2CEA /* Project object */ = {
			isa = PBXProject;
			attributes = {
				LastUpgradeCheck = 0440;
				ORGANIZATIONNAME = "Chris Miles";
			};
			buildConfigurationList = C01FCF4E08A954540054247B /* Build configuration list for PBXProject "CMPopTipViewDemo" */;
			compatibilityVersion = "Xcode 3.2";
			developmentRegion = English;
			hasScannedForEncodings = 1;
			knownRegions = (
				English,
				Japanese,
				French,
				German,
			);
			mainGroup = 29B97314FDCFA39411CA2CEA /* CustomTemplate */;
			projectDirPath = "";
			projectRoot = "";
			targets = (
				1D6058900D05DD3D006BFB54 /* CMPopTipViewDemo */,
			);
		};
/* End PBXProject section */

/* Begin PBXResourcesBuildPhase section */
		1D60588D0D05DD3D006BFB54 /* Resources */ = {
			isa = PBXResourcesBuildPhase;
			buildActionMask = 2147483647;
			files = (
				2860E329111B887F00E27156 /* MainWindow_iPhone.xib in Resources */,
				2860E32F111B888700E27156 /* MainWindow_iPad.xib in Resources */,
				83FEEE62128E4F98007C310F /* Demo1ViewController.xib in Resources */,
				839195F71377FE2700FC65F9 /* appicon57.png in Resources */,
				839195F81377FE2700FC65F9 /* appicon114.png in Resources */,
			);
			runOnlyForDeploymentPostprocessing = 0;
		};
/* End PBXResourcesBuildPhase section */

/* Begin PBXSourcesBuildPhase section */
		1D60588E0D05DD3D006BFB54 /* Sources */ = {
			isa = PBXSourcesBuildPhase;
			buildActionMask = 2147483647;
			files = (
				1D60589B0D05DD56006BFB54 /* main.m in Sources */,
				2860E328111B887F00E27156 /* AppDelegate_iPhone.m in Sources */,
				2860E32E111B888700E27156 /* AppDelegate_iPad.m in Sources */,
				83FEEE46128E496A007C310F /* CMPopTipView.m in Sources */,
				83FEEE61128E4F98007C310F /* Demo1ViewController.m in Sources */,
			);
			runOnlyForDeploymentPostprocessing = 0;
		};
/* End PBXSourcesBuildPhase section */

/* Begin XCBuildConfiguration section */
		1D6058940D05DD3E006BFB54 /* Debug */ = {
			isa = XCBuildConfiguration;
			buildSettings = {
				ALWAYS_SEARCH_USER_PATHS = NO;
				COPY_PHASE_STRIP = NO;
				GCC_DYNAMIC_NO_PIC = NO;
				GCC_OPTIMIZATION_LEVEL = 0;
				GCC_PRECOMPILE_PREFIX_HEADER = YES;
				GCC_PREFIX_HEADER = CMPopTipViewDemo_Prefix.pch;
				INFOPLIST_FILE = "CMPopTipViewDemo-Info.plist";
				PRODUCT_NAME = CMPopTipViewDemo;
			};
			name = Debug;
		};
		1D6058950D05DD3E006BFB54 /* Release */ = {
			isa = XCBuildConfiguration;
			buildSettings = {
				ALWAYS_SEARCH_USER_PATHS = NO;
				COPY_PHASE_STRIP = YES;
				GCC_PRECOMPILE_PREFIX_HEADER = YES;
				GCC_PREFIX_HEADER = CMPopTipViewDemo_Prefix.pch;
				INFOPLIST_FILE = "CMPopTipViewDemo-Info.plist";
				PRODUCT_NAME = CMPopTipViewDemo;
				VALIDATE_PRODUCT = YES;
			};
			name = Release;
		};
		C01FCF4F08A954540054247B /* Debug */ = {
			isa = XCBuildConfiguration;
			buildSettings = {
				ARCHS = "$(ARCHS_STANDARD_32_BIT)";
				"CODE_SIGN_IDENTITY[sdk=iphoneos*]" = "iPhone Developer";
				GCC_C_LANGUAGE_STANDARD = c99;
				GCC_WARN_ABOUT_RETURN_TYPE = YES;
				GCC_WARN_UNUSED_VARIABLE = YES;
				IPHONEOS_DEPLOYMENT_TARGET = 3.1;
				SDKROOT = iphoneos;
				TARGETED_DEVICE_FAMILY = "1,2";
			};
			name = Debug;
		};
		C01FCF5008A954540054247B /* Release */ = {
			isa = XCBuildConfiguration;
			buildSettings = {
				ARCHS = "$(ARCHS_STANDARD_32_BIT)";
				"CODE_SIGN_IDENTITY[sdk=iphoneos*]" = "iPhone Developer";
				GCC_C_LANGUAGE_STANDARD = c99;
				GCC_WARN_ABOUT_RETURN_TYPE = YES;
				GCC_WARN_UNUSED_VARIABLE = YES;
				IPHONEOS_DEPLOYMENT_TARGET = 3.1;
				OTHER_CFLAGS = "-DNS_BLOCK_ASSERTIONS=1";
				SDKROOT = iphoneos;
				TARGETED_DEVICE_FAMILY = "1,2";
			};
			name = Release;
		};
/* End XCBuildConfiguration section */

/* Begin XCConfigurationList section */
		1D6058960D05DD3E006BFB54 /* Build configuration list for PBXNativeTarget "CMPopTipViewDemo" */ = {
			isa = XCConfigurationList;
			buildConfigurations = (
				1D6058940D05DD3E006BFB54 /* Debug */,
				1D6058950D05DD3E006BFB54 /* Release */,
			);
			defaultConfigurationIsVisible = 0;
			defaultConfigurationName = Release;
		};
		C01FCF4E08A954540054247B /* Build configuration list for PBXProject "CMPopTipViewDemo" */ = {
			isa = XCConfigurationList;
			buildConfigurations = (
				C01FCF4F08A954540054247B /* Debug */,
				C01FCF5008A954540054247B /* Release */,
			);
			defaultConfigurationIsVisible = 0;
			defaultConfigurationName = Release;
		};
/* End XCConfigurationList section */
	};
	rootObject = 29B97313FDCFA39411CA2CEA /* Project object */;
}
